
Microsoft Visual Studio Solution File, Format Version 12.00
# Visual Studio Version 16
VisualStudioVersion = 16.0.30907.101
MinimumVisualStudioVersion = 10.0.40219.1
Project("{FAE04EC0-301F-11D3-BF4B-00C04F79EFBC}") = "FootballMatchProject", "FootballMatchProject\FootballMatchProject.csproj", "{77581EFB-951F-429A-A9AB-528EE44FB935}"
EndProject
Global
	GlobalSection(SolutionConfigurationPlatforms) = preSolution
		Debug|Any CPU = Debug|Any CPU
		Release|Any CPU = Release|Any CPU
	EndGlobalSection
	GlobalSection(ProjectConfigurationPlatforms) = postSolution
		{77581EFB-951F-429A-A9AB-528EE44FB935}.Debug|Any CPU.ActiveCfg = Debug|Any CPU
		{77581EFB-951F-429A-A9AB-528EE44FB935}.Debug|Any CPU.Build.0 = Debug|Any CPU
		{77581EFB-951F-429A-A9AB-528EE44FB935}.Release|Any CPU.ActiveCfg = Release|Any CPU
		{77581EFB-951F-429A-A9AB-528EE44FB935}.Release|Any CPU.Build.0 = Release|Any CPU
	EndGlobalSection
	GlobalSection(SolutionProperties) = preSolution
		HideSolutionNode = FALSE
	EndGlobalSection
	GlobalSection(ExtensibilityGlobals) = postSolution
		SolutionGuid = {A8D95F02-B920-40BA-B0C9-ED20E2B1EA99}
	EndGlobalSection
EndGlobal
